// !$*UTF8*$!
{
	archiveVersion = 1;
	classes = {
	};
	objectVersion = 55;
	objects = {

/* Begin PBXBuildFile section */
		191CB0D3283E81FA00D6A188 /* Project_4App.swift in Sources */ = {isa = PBXBuildFile; fileRef = 191CB0D2283E81FA00D6A188 /* Project_4App.swift */; };
		191CB0D5283E81FA00D6A188 /* ContentView.swift in Sources */ = {isa = PBXBuildFile; fileRef = 191CB0D4283E81FA00D6A188 /* ContentView.swift */; };
		191CB0D7283E81FA00D6A188 /* Assets.xcassets in Resources */ = {isa = PBXBuildFile; fileRef = 191CB0D6283E81FA00D6A188 /* Assets.xcassets */; };
		191CB0DA283E81FA00D6A188 /* Preview Assets.xcassets in Resources */ = {isa = PBXBuildFile; fileRef = 191CB0D9283E81FA00D6A188 /* Preview Assets.xcassets */; };
		191CB0E4283E81FB00D6A188 /* Project_4Tests.swift in Sources */ = {isa = PBXBuildFile; fileRef = 191CB0E3283E81FB00D6A188 /* Project_4Tests.swift */; };
		191CB0EE283E81FB00D6A188 /* Project_4UITests.swift in Sources */ = {isa = PBXBuildFile; fileRef = 191CB0ED283E81FB00D6A188 /* Project_4UITests.swift */; };
		191CB0F0283E81FB00D6A188 /* Project_4UITestsLaunchTests.swift in Sources */ = {isa = PBXBuildFile; fileRef = 191CB0EF283E81FB00D6A188 /* Project_4UITestsLaunchTests.swift */; };
/* End PBXBuildFile section */

/* Begin PBXContainerItemProxy section */
		191CB0E0283E81FB00D6A188 /* PBXContainerItemProxy */ = {
			isa = PBXContainerItemProxy;
			containerPortal = 191CB0C7283E81FA00D6A188 /* Project object */;
			proxyType = 1;
			remoteGlobalIDString = 191CB0CE283E81FA00D6A188;
			remoteInfo = Project_4;
		};
		191CB0EA283E81FB00D6A188 /* PBXContainerItemProxy */ = {
			isa = PBXContainerItemProxy;
			containerPortal = 191CB0C7283E81FA00D6A188 /* Project object */;
			proxyType = 1;
			remoteGlobalIDString = 191CB0CE283E81FA00D6A188;
			remoteInfo = Project_4;
		};
/* End PBXContainerItemProxy section */

/* Begin PBXFileReference section */
		191CB0CF283E81FA00D6A188 /* Project_4.app */ = {isa = PBXFileReference; explicitFileType = wrapper.application; includeInIndex = 0; path = Project_4.app; sourceTree = BUILT_PRODUCTS_DIR; };
		191CB0D2283E81FA00D6A188 /* Project_4App.swift */ = {isa = PBXFileReference; lastKnownFileType = sourcecode.swift; path = Project_4App.swift; sourceTree = "<group>"; };
		191CB0D4283E81FA00D6A188 /* ContentView.swift */ = {isa = PBXFileReference; lastKnownFileType = sourcecode.swift; path = ContentView.swift; sourceTree = "<group>"; };
		191CB0D6283E81FA00D6A188 /* Assets.xcassets */ = {isa = PBXFileReference; lastKnownFileType = folder.assetcatalog; path = Assets.xcassets; sourceTree = "<group>"; };
		191CB0D9283E81FA00D6A188 /* Preview Assets.xcassets */ = {isa = PBXFileReference; lastKnownFileType = folder.assetcatalog; path = "Preview Assets.xcassets"; sourceTree = "<group>"; };
		191CB0DF283E81FB00D6A188 /* Project_4Tests.xctest */ = {isa = PBXFileReference; explicitFileType = wrapper.cfbundle; includeInIndex = 0; path = Project_4Tests.xctest; sourceTree = BUILT_PRODUCTS_DIR; };
		191CB0E3283E81FB00D6A188 /* Project_4Tests.swift */ = {isa = PBXFileReference; lastKnownFileType = sourcecode.swift; path = Project_4Tests.swift; sourceTree = "<group>"; };
		191CB0E9283E81FB00D6A188 /* Project_4UITests.xctest */ = {isa = PBXFileReference; explicitFileType = wrapper.cfbundle; includeInIndex = 0; path = Project_4UITests.xctest; sourceTree = BUILT_PRODUCTS_DIR; };
		191CB0ED283E81FB00D6A188 /* Project_4UITests.swift */ = {isa = PBXFileReference; lastKnownFileType = sourcecode.swift; path = Project_4UITests.swift; sourceTree = "<group>"; };
		191CB0EF283E81FB00D6A188 /* Project_4UITestsLaunchTests.swift */ = {isa = PBXFileReference; lastKnownFileType = sourcecode.swift; path = Project_4UITestsLaunchTests.swift; sourceTree = "<group>"; };
/* End PBXFileReference section */

/* Begin PBXFrameworksBuildPhase section */
		191CB0CC283E81FA00D6A188 /* Frameworks */ = {
			isa = PBXFrameworksBuildPhase;
			buildActionMask = 2147483647;
			files = (
			);
			runOnlyForDeploymentPostprocessing = 0;
		};
		191CB0DC283E81FB00D6A188 /* Frameworks */ = {
			isa = PBXFrameworksBuildPhase;
			buildActionMask = 2147483647;
			files = (
			);
			runOnlyForDeploymentPostprocessing = 0;
		};
		191CB0E6283E81FB00D6A188 /* Frameworks */ = {
			isa = PBXFrameworksBuildPhase;
			buildActionMask = 2147483647;
			files = (
			);
			runOnlyForDeploymentPostprocessing = 0;
		};
/* End PBXFrameworksBuildPhase section */

/* Begin PBXGroup section */
		191CB0C6283E81FA00D6A188 = {
			isa = PBXGroup;
			children = (
				191CB0D1283E81FA00D6A188 /* Project_4 */,
				191CB0E2283E81FB00D6A188 /* Project_4Tests */,
				191CB0EC283E81FB00D6A188 /* Project_4UITests */,
				191CB0D0283E81FA00D6A188 /* Products */,
			);
			sourceTree = "<group>";
		};
		191CB0D0283E81FA00D6A188 /* Products */ = {
			isa = PBXGroup;
			children = (
				191CB0CF283E81FA00D6A188 /* Project_4.app */,
				191CB0DF283E81FB00D6A188 /* Project_4Tests.xctest */,
				191CB0E9283E81FB00D6A188 /* Project_4UITests.xctest */,
			);
			name = Products;
			sourceTree = "<group>";
		};
		191CB0D1283E81FA00D6A188 /* Project_4 */ = {
			isa = PBXGroup;
			children = (
				191CB0D2283E81FA00D6A188 /* Project_4App.swift */,
				191CB0D4283E81FA00D6A188 /* ContentView.swift */,
				191CB0D6283E81FA00D6A188 /* Assets.xcassets */,
				191CB0D8283E81FA00D6A188 /* Preview Content */,
			);
			path = Project_4;
			sourceTree = "<group>";
		};
		191CB0D8283E81FA00D6A188 /* Preview Content */ = {
			isa = PBXGroup;
			children = (
				191CB0D9283E81FA00D6A188 /* Preview Assets.xcassets */,
			);
			path = "Preview Content";
			sourceTree = "<group>";
		};
		191CB0E2283E81FB00D6A188 /* Project_4Tests */ = {
			isa = PBXGroup;
			children = (
				191CB0E3283E81FB00D6A188 /* Project_4Tests.swift */,
			);
			path = Project_4Tests;
			sourceTree = "<group>";
		};
		191CB0EC283E81FB00D6A188 /* Project_4UITests */ = {
			isa = PBXGroup;
			children = (
				191CB0ED283E81FB00D6A188 /* Project_4UITests.swift */,
				191CB0EF283E81FB00D6A188 /* Project_4UITestsLaunchTests.swift */,
			);
			path = Project_4UITests;
			sourceTree = "<group>";
		};
/* End PBXGroup section */

/* Begin PBXNativeTarget section */
		191CB0CE283E81FA00D6A188 /* Project_4 */ = {
			isa = PBXNativeTarget;
			buildConfigurationList = 191CB0F3283E81FB00D6A188 /* Build configuration list for PBXNativeTarget "Project_4" */;
			buildPhases = (
				191CB0CB283E81FA00D6A188 /* Sources */,
				191CB0CC283E81FA00D6A188 /* Frameworks */,
				191CB0CD283E81FA00D6A188 /* Resources */,
			);
			buildRules = (
			);
			dependencies = (
			);
			name = Project_4;
			productName = Project_4;
			productReference = 191CB0CF283E81FA00D6A188 /* Project_4.app */;
			productType = "com.apple.product-type.application";
		};
		191CB0DE283E81FB00D6A188 /* Project_4Tests */ = {
			isa = PBXNativeTarget;
			buildConfigurationList = 191CB0F6283E81FB00D6A188 /* Build configuration list for PBXNativeTarget "Project_4Tests" */;
			buildPhases = (
				191CB0DB283E81FB00D6A188 /* Sources */,
				191CB0DC283E81FB00D6A188 /* Frameworks */,
				191CB0DD283E81FB00D6A188 /* Resources */,
			);
			buildRules = (
			);
			dependencies = (
				191CB0E1283E81FB00D6A188 /* PBXTargetDependency */,
			);
			name = Project_4Tests;
			productName = Project_4Tests;
			productReference = 191CB0DF283E81FB00D6A188 /* Project_4Tests.xctest */;
			productType = "com.apple.product-type.bundle.unit-test";
		};
		191CB0E8283E81FB00D6A188 /* Project_4UITests */ = {
			isa = PBXNativeTarget;
			buildConfigurationList = 191CB0F9283E81FB00D6A188 /* Build configuration list for PBXNativeTarget "Project_4UITests" */;
			buildPhases = (
				191CB0E5283E81FB00D6A188 /* Sources */,
				191CB0E6283E81FB00D6A188 /* Frameworks */,
				191CB0E7283E81FB00D6A188 /* Resources */,
			);
			buildRules = (
			);
			dependencies = (
				191CB0EB283E81FB00D6A188 /* PBXTargetDependency */,
			);
			name = Project_4UITests;
			productName = Project_4UITests;
			productReference = 191CB0E9283E81FB00D6A188 /* Project_4UITests.xctest */;
			productType = "com.apple.product-type.bundle.ui-testing";
		};
/* End PBXNativeTarget section */

/* Begin PBXProject section */
		191CB0C7283E81FA00D6A188 /* Project object */ = {
			isa = PBXProject;
			attributes = {
				BuildIndependentTargetsInParallel = 1;
				LastSwiftUpdateCheck = 1330;
				LastUpgradeCheck = 1330;
				TargetAttributes = {
					191CB0CE283E81FA00D6A188 = {
						CreatedOnToolsVersion = 13.3;
					};
					191CB0DE283E81FB00D6A188 = {
						CreatedOnToolsVersion = 13.3;
						TestTargetID = 191CB0CE283E81FA00D6A188;
					};
					191CB0E8283E81FB00D6A188 = {
						CreatedOnToolsVersion = 13.3;
						TestTargetID = 191CB0CE283E81FA00D6A188;
					};
				};
			};
			buildConfigurationList = 191CB0CA283E81FA00D6A188 /* Build configuration list for PBXProject "Project_4" */;
			compatibilityVersion = "Xcode 13.0";
			developmentRegion = en;
			hasScannedForEncodings = 0;
			knownRegions = (
				en,
				Base,
			);
			mainGroup = 191CB0C6283E81FA00D6A188;
			productRefGroup = 191CB0D0283E81FA00D6A188 /* Products */;
			projectDirPath = "";
			projectRoot = "";
			targets = (
				191CB0CE283E81FA00D6A188 /* Project_4 */,
				191CB0DE283E81FB00D6A188 /* Project_4Tests */,
				191CB0E8283E81FB00D6A188 /* Project_4UITests */,
			);
		};
/* End PBXProject section */

/* Begin PBXResourcesBuildPhase section */
		191CB0CD283E81FA00D6A188 /* Resources */ = {
			isa = PBXResourcesBuildPhase;
			buildActionMask = 2147483647;
			files = (
				191CB0DA283E81FA00D6A188 /* Preview Assets.xcassets in Resources */,
				191CB0D7283E81FA00D6A188 /* Assets.xcassets in Resources */,
			);
			runOnlyForDeploymentPostprocessing = 0;
		};
		191CB0DD283E81FB00D6A188 /* Resources */ = {
			isa = PBXResourcesBuildPhase;
			buildActionMask = 2147483647;
			files = (
			);
			runOnlyForDeploymentPostprocessing = 0;
		};
		191CB0E7283E81FB00D6A188 /* Resources */ = {
			isa = PBXResourcesBuildPhase;
			buildActionMask = 2147483647;
			files = (
			);
			runOnlyForDeploymentPostprocessing = 0;
		};
/* End PBXResourcesBuildPhase section */

/* Begin PBXSourcesBuildPhase section */
		191CB0CB283E81FA00D6A188 /* Sources */ = {
			isa = PBXSourcesBuildPhase;
			buildActionMask = 2147483647;
			files = (
				191CB0D5283E81FA00D6A188 /* ContentView.swift in Sources */,
				191CB0D3283E81FA00D6A188 /* Project_4App.swift in Sources */,
			);
			runOnlyForDeploymentPostprocessing = 0;
		};
		191CB0DB283E81FB00D6A188 /* Sources */ = {
			isa = PBXSourcesBuildPhase;
			buildActionMask = 2147483647;
			files = (
				191CB0E4283E81FB00D6A188 /* Project_4Tests.swift in Sources */,
			);
			runOnlyForDeploymentPostprocessing = 0;
		};
		191CB0E5283E81FB00D6A188 /* Sources */ = {
			isa = PBXSourcesBuildPhase;
			buildActionMask = 2147483647;
			files = (
				191CB0EE283E81FB00D6A188 /* Project_4UITests.swift in Sources */,
				191CB0F0283E81FB00D6A188 /* Project_4UITestsLaunchTests.swift in Sources */,
			);
			runOnlyForDeploymentPostprocessing = 0;
		};
/* End PBXSourcesBuildPhase section */

/* Begin PBXTargetDependency section */
		191CB0E1283E81FB00D6A188 /* PBXTargetDependency */ = {
			isa = PBXTargetDependency;
			target = 191CB0CE283E81FA00D6A188 /* Project_4 */;
			targetProxy = 191CB0E0283E81FB00D6A188 /* PBXContainerItemProxy */;
		};
		191CB0EB283E81FB00D6A188 /* PBXTargetDependency */ = {
			isa = PBXTargetDependency;
			target = 191CB0CE283E81FA00D6A188 /* Project_4 */;
			targetProxy = 191CB0EA283E81FB00D6A188 /* PBXContainerItemProxy */;
		};
/* End PBXTargetDependency section */

/* Begin XCBuildConfiguration section */
		191CB0F1283E81FB00D6A188 /* Debug */ = {
			isa = XCBuildConfiguration;
			buildSettings = {
				ALWAYS_SEARCH_USER_PATHS = NO;
				CLANG_ANALYZER_NONNULL = YES;
				CLANG_ANALYZER_NUMBER_OBJECT_CONVERSION = YES_AGGRESSIVE;
				CLANG_CXX_LANGUAGE_STANDARD = "gnu++17";
				CLANG_ENABLE_MODULES = YES;
				CLANG_ENABLE_OBJC_ARC = YES;
				CLANG_ENABLE_OBJC_WEAK = YES;
				CLANG_WARN_BLOCK_CAPTURE_AUTORELEASING = YES;
				CLANG_WARN_BOOL_CONVERSION = YES;
				CLANG_WARN_COMMA = YES;
				CLANG_WARN_CONSTANT_CONVERSION = YES;
				CLANG_WARN_DEPRECATED_OBJC_IMPLEMENTATIONS = YES;
				CLANG_WARN_DIRECT_OBJC_ISA_USAGE = YES_ERROR;
				CLANG_WARN_DOCUMENTATION_COMMENTS = YES;
				CLANG_WARN_EMPTY_BODY = YES;
				CLANG_WARN_ENUM_CONVERSION = YES;
				CLANG_WARN_INFINITE_RECURSION = YES;
				CLANG_WARN_INT_CONVERSION = YES;
				CLANG_WARN_NON_LITERAL_NULL_CONVERSION = YES;
				CLANG_WARN_OBJC_IMPLICIT_RETAIN_SELF = YES;
				CLANG_WARN_OBJC_LITERAL_CONVERSION = YES;
				CLANG_WARN_OBJC_ROOT_CLASS = YES_ERROR;
				CLANG_WARN_QUOTED_INCLUDE_IN_FRAMEWORK_HEADER = YES;
				CLANG_WARN_RANGE_LOOP_ANALYSIS = YES;
				CLANG_WARN_STRICT_PROTOTYPES = YES;
				CLANG_WARN_SUSPICIOUS_MOVE = YES;
				CLANG_WARN_UNGUARDED_AVAILABILITY = YES_AGGRESSIVE;
				CLANG_WARN_UNREACHABLE_CODE = YES;
				CLANG_WARN__DUPLICATE_METHOD_MATCH = YES;
				COPY_PHASE_STRIP = NO;
				DEBUG_INFORMATION_FORMAT = dwarf;
				ENABLE_STRICT_OBJC_MSGSEND = YES;
				ENABLE_TESTABILITY = YES;
				GCC_C_LANGUAGE_STANDARD = gnu11;
				GCC_DYNAMIC_NO_PIC = NO;
				GCC_NO_COMMON_BLOCKS = YES;
				GCC_OPTIMIZATION_LEVEL = 0;
				GCC_PREPROCESSOR_DEFINITIONS = (
					"DEBUG=1",
					"$(inherited)",
				);
				GCC_WARN_64_TO_32_BIT_CONVERSION = YES;
				GCC_WARN_ABOUT_RETURN_TYPE = YES_ERROR;
				GCC_WARN_UNDECLARED_SELECTOR = YES;
				GCC_WARN_UNINITIALIZED_AUTOS = YES_AGGRESSIVE;
				GCC_WARN_UNUSED_FUNCTION = YES;
				GCC_WARN_UNUSED_VARIABLE = YES;
				IPHONEOS_DEPLOYMENT_TARGET = 15.4;
				MTL_ENABLE_DEBUG_INFO = INCLUDE_SOURCE;
				MTL_FAST_MATH = YES;
				ONLY_ACTIVE_ARCH = YES;
				SDKROOT = iphoneos;
				SWIFT_ACTIVE_COMPILATION_CONDITIONS = DEBUG;
				SWIFT_OPTIMIZATION_LEVEL = "-Onone";
			};
			name = Debug;
		};
		191CB0F2283E81FB00D6A188 /* Release */ = {
			isa = XCBuildConfiguration;
			buildSettings = {
				ALWAYS_SEARCH_USER_PATHS = NO;
				CLANG_ANALYZER_NONNULL = YES;
				CLANG_ANALYZER_NUMBER_OBJECT_CONVERSION = YES_AGGRESSIVE;
				CLANG_CXX_LANGUAGE_STANDARD = "gnu++17";
				CLANG_ENABLE_MODULES = YES;
				CLANG_ENABLE_OBJC_ARC = YES;
				CLANG_ENABLE_OBJC_WEAK = YES;
				CLANG_WARN_BLOCK_CAPTURE_AUTORELEASING = YES;
				CLANG_WARN_BOOL_CONVERSION = YES;
				CLANG_WARN_COMMA = YES;
				CLANG_WARN_CONSTANT_CONVERSION = YES;
				CLANG_WARN_DEPRECATED_OBJC_IMPLEMENTATIONS = YES;
				CLANG_WARN_DIRECT_OBJC_ISA_USAGE = YES_ERROR;
				CLANG_WARN_DOCUMENTATION_COMMENTS = YES;
				CLANG_WARN_EMPTY_BODY = YES;
				CLANG_WARN_ENUM_CONVERSION = YES;
				CLANG_WARN_INFINITE_RECURSION = YES;
				CLANG_WARN_INT_CONVERSION = YES;
				CLANG_WARN_NON_LITERAL_NULL_CONVERSION = YES;
				CLANG_WARN_OBJC_IMPLICIT_RETAIN_SELF = YES;
				CLANG_WARN_OBJC_LITERAL_CONVERSION = YES;
				CLANG_WARN_OBJC_ROOT_CLASS = YES_ERROR;
				CLANG_WARN_QUOTED_INCLUDE_IN_FRAMEWORK_HEADER = YES;
				CLANG_WARN_RANGE_LOOP_ANALYSIS = YES;
				CLANG_WARN_STRICT_PROTOTYPES = YES;
				CLANG_WARN_SUSPICIOUS_MOVE = YES;
				CLANG_WARN_UNGUARDED_AVAILABILITY = YES_AGGRESSIVE;
				CLANG_WARN_UNREACHABLE_CODE = YES;
				CLANG_WARN__DUPLICATE_METHOD_MATCH = YES;
				COPY_PHASE_STRIP = NO;
				DEBUG_INFORMATION_FORMAT = "dwarf-with-dsym";
				ENABLE_NS_ASSERTIONS = NO;
				ENABLE_STRICT_OBJC_MSGSEND = YES;
				GCC_C_LANGUAGE_STANDARD = gnu11;
				GCC_NO_COMMON_BLOCKS = YES;
				GCC_WARN_64_TO_32_BIT_CONVERSION = YES;
				GCC_WARN_ABOUT_RETURN_TYPE = YES_ERROR;
				GCC_WARN_UNDECLARED_SELECTOR = YES;
				GCC_WARN_UNINITIALIZED_AUTOS = YES_AGGRESSIVE;
				GCC_WARN_UNUSED_FUNCTION = YES;
				GCC_WARN_UNUSED_VARIABLE = YES;
				IPHONEOS_DEPLOYMENT_TARGET = 15.4;
				MTL_ENABLE_DEBUG_INFO = NO;
				MTL_FAST_MATH = YES;
				SDKROOT = iphoneos;
				SWIFT_COMPILATION_MODE = wholemodule;
				SWIFT_OPTIMIZATION_LEVEL = "-O";
				VALIDATE_PRODUCT = YES;
			};
			name = Release;
		};
		191CB0F4283E81FB00D6A188 /* Debug */ = {
			isa = XCBuildConfiguration;
			buildSettings = {
				ASSETCATALOG_COMPILER_APPICON_NAME = AppIcon;
				ASSETCATALOG_COMPILER_GLOBAL_ACCENT_COLOR_NAME = AccentColor;
				CODE_SIGN_STYLE = Automatic;
				CURRENT_PROJECT_VERSION = 1;
				DEVELOPMENT_ASSET_PATHS = "\"Project_4/Preview Content\"";
				DEVELOPMENT_TEAM = HNSKUL3WR3;
				ENABLE_PREVIEWS = YES;
				GENERATE_INFOPLIST_FILE = YES;
				INFOPLIST_KEY_UIApplicationSceneManifest_Generation = YES;
				INFOPLIST_KEY_UIApplicationSupportsIndirectInputEvents = YES;
				INFOPLIST_KEY_UILaunchScreen_Generation = YES;
				INFOPLIST_KEY_UISupportedInterfaceOrientations_iPad = "UIInterfaceOrientationPortrait UIInterfaceOrientationPortraitUpsideDown UIInterfaceOrientationLandscapeLeft UIInterfaceOrientationLandscapeRight";
				INFOPLIST_KEY_UISupportedInterfaceOrientations_iPhone = "UIInterfaceOrientationPortrait UIInterfaceOrientationLandscapeLeft UIInterfaceOrientationLandscapeRight";
				LD_RUNPATH_SEARCH_PATHS = (
					"$(inherited)",
					"@executable_path/Frameworks",
				);
				MARKETING_VERSION = 1.0;
				PRODUCT_BUNDLE_IDENTIFIER = "com.kkarpiak.Project-4";
				PRODUCT_NAME = "$(TARGET_NAME)";
				SWIFT_EMIT_LOC_STRINGS = YES;
				SWIFT_VERSION = 5.0;
				TARGETED_DEVICE_FAMILY = "1,2";
			};
			name = Debug;
		};
		191CB0F5283E81FB00D6A188 /* Release */ = {
			isa = XCBuildConfiguration;
			buildSettings = {
				ASSETCATALOG_COMPILER_APPICON_NAME = AppIcon;
				ASSETCATALOG_COMPILER_GLOBAL_ACCENT_COLOR_NAME = AccentColor;
				CODE_SIGN_STYLE = Automatic;
				CURRENT_PROJECT_VERSION = 1;
				DEVELOPMENT_ASSET_PATHS = "\"Project_4/Preview Content\"";
				DEVELOPMENT_TEAM = HNSKUL3WR3;
				ENABLE_PREVIEWS = YES;
				GENERATE_INFOPLIST_FILE = YES;
				INFOPLIST_KEY_UIApplicationSceneManifest_Generation = YES;
				INFOPLIST_KEY_UIApplicationSupportsIndirectInputEvents = YES;
				INFOPLIST_KEY_UILaunchScreen_Generation = YES;
				INFOPLIST_KEY_UISupportedInterfaceOrientations_iPad = "UIInterfaceOrientationPortrait UIInterfaceOrientationPortraitUpsideDown UIInterfaceOrientationLandscapeLeft UIInterfaceOrientationLandscapeRight";
				INFOPLIST_KEY_UISupportedInterfaceOrientations_iPhone = "UIInterfaceOrientationPortrait UIInterfaceOrientationLandscapeLeft UIInterfaceOrientationLandscapeRight";
				LD_RUNPATH_SEARCH_PATHS = (
					"$(inherited)",
					"@executable_path/Frameworks",
				);
				MARKETING_VERSION = 1.0;
				PRODUCT_BUNDLE_IDENTIFIER = "com.kkarpiak.Project-4";
				PRODUCT_NAME = "$(TARGET_NAME)";
				SWIFT_EMIT_LOC_STRINGS = YES;
				SWIFT_VERSION = 5.0;
				TARGETED_DEVICE_FAMILY = "1,2";
			};
			name = Release;
		};
		191CB0F7283E81FB00D6A188 /* Debug */ = {
			isa = XCBuildConfiguration;
			buildSettings = {
				ALWAYS_EMBED_SWIFT_STANDARD_LIBRARIES = YES;
				BUNDLE_LOADER = "$(TEST_HOST)";
				CODE_SIGN_STYLE = Automatic;
				CURRENT_PROJECT_VERSION = 1;
				DEVELOPMENT_TEAM = HNSKUL3WR3;
				GENERATE_INFOPLIST_FILE = YES;
				IPHONEOS_DEPLOYMENT_TARGET = 15.4;
				MARKETING_VERSION = 1.0;
				PRODUCT_BUNDLE_IDENTIFIER = "com.kkarpiak.Project-4Tests";
				PRODUCT_NAME = "$(TARGET_NAME)";
				SWIFT_EMIT_LOC_STRINGS = NO;
				SWIFT_VERSION = 5.0;
				TARGETED_DEVICE_FAMILY = "1,2";
				TEST_HOST = "$(BUILT_PRODUCTS_DIR)/Project_4.app/Project_4";
			};
			name = Debug;
		};
		191CB0F8283E81FB00D6A188 /* Release */ = {
			isa = XCBuildConfiguration;
			buildSettings = {
				ALWAYS_EMBED_SWIFT_STANDARD_LIBRARIES = YES;
				BUNDLE_LOADER = "$(TEST_HOST)";
				CODE_SIGN_STYLE = Automatic;
				CURRENT_PROJECT_VERSION = 1;
				DEVELOPMENT_TEAM = HNSKUL3WR3;
				GENERATE_INFOPLIST_FILE = YES;
				IPHONEOS_DEPLOYMENT_TARGET = 15.4;
				MARKETING_VERSION = 1.0;
				PRODUCT_BUNDLE_IDENTIFIER = "com.kkarpiak.Project-4Tests";
				PRODUCT_NAME = "$(TARGET_NAME)";
				SWIFT_EMIT_LOC_STRINGS = NO;
				SWIFT_VERSION = 5.0;
				TARGETED_DEVICE_FAMILY = "1,2";
				TEST_HOST = "$(BUILT_PRODUCTS_DIR)/Project_4.app/Project_4";
			};
			name = Release;
		};
		191CB0FA283E81FB00D6A188 /* Debug */ = {
			isa = XCBuildConfiguration;
			buildSettings = {
				ALWAYS_EMBED_SWIFT_STANDARD_LIBRARIES = YES;
				CODE_SIGN_STYLE = Automatic;
				CURRENT_PROJECT_VERSION = 1;
				DEVELOPMENT_TEAM = HNSKUL3WR3;
				GENERATE_INFOPLIST_FILE = YES;
				MARKETING_VERSION = 1.0;
				PRODUCT_BUNDLE_IDENTIFIER = "com.kkarpiak.Project-4UITests";
				PRODUCT_NAME = "$(TARGET_NAME)";
				SWIFT_EMIT_LOC_STRINGS = NO;
				SWIFT_VERSION = 5.0;
				TARGETED_DEVICE_FAMILY = "1,2";
				TEST_TARGET_NAME = Project_4;
			};
			name = Debug;
		};
		191CB0FB283E81FB00D6A188 /* Release */ = {
			isa = XCBuildConfiguration;
			buildSettings = {
				ALWAYS_EMBED_SWIFT_STANDARD_LIBRARIES = YES;
				CODE_SIGN_STYLE = Automatic;
				CURRENT_PROJECT_VERSION = 1;
				DEVELOPMENT_TEAM = HNSKUL3WR3;
				GENERATE_INFOPLIST_FILE = YES;
				MARKETING_VERSION = 1.0;
				PRODUCT_BUNDLE_IDENTIFIER = "com.kkarpiak.Project-4UITests";
				PRODUCT_NAME = "$(TARGET_NAME)";
				SWIFT_EMIT_LOC_STRINGS = NO;
				SWIFT_VERSION = 5.0;
				TARGETED_DEVICE_FAMILY = "1,2";
				TEST_TARGET_NAME = Project_4;
			};
			name = Release;
		};
/* End XCBuildConfiguration section */

/* Begin XCConfigurationList section */
		191CB0CA283E81FA00D6A188 /* Build configuration list for PBXProject "Project_4" */ = {
			isa = XCConfigurationList;
			buildConfigurations = (
				191CB0F1283E81FB00D6A188 /* Debug */,
				191CB0F2283E81FB00D6A188 /* Release */,
			);
			defaultConfigurationIsVisible = 0;
			defaultConfigurationName = Release;
		};
		191CB0F3283E81FB00D6A188 /* Build configuration list for PBXNativeTarget "Project_4" */ = {
			isa = XCConfigurationList;
			buildConfigurations = (
				191CB0F4283E81FB00D6A188 /* Debug */,
				191CB0F5283E81FB00D6A188 /* Release */,
			);
			defaultConfigurationIsVisible = 0;
			defaultConfigurationName = Release;
		};
		191CB0F6283E81FB00D6A188 /* Build configuration list for PBXNativeTarget "Project_4Tests" */ = {
			isa = XCConfigurationList;
			buildConfigurations = (
				191CB0F7283E81FB00D6A188 /* Debug */,
				191CB0F8283E81FB00D6A188 /* Release */,
			);
			defaultConfigurationIsVisible = 0;
			defaultConfigurationName = Release;
		};
		191CB0F9283E81FB00D6A188 /* Build configuration list for PBXNativeTarget "Project_4UITests" */ = {
			isa = XCConfigurationList;
			buildConfigurations = (
				191CB0FA283E81FB00D6A188 /* Debug */,
				191CB0FB283E81FB00D6A188 /* Release */,
			);
			defaultConfigurationIsVisible = 0;
			defaultConfigurationName = Release;
		};
/* End XCConfigurationList section */
	};
	rootObject = 191CB0C7283E81FA00D6A188 /* Project object */;
}
